
Microsoft Visual Studio Solution File, Format Version 12.00
# Visual Studio Version 17
VisualStudioVersion = 17.12.35707.178 d17.12
MinimumVisualStudioVersion = 10.0.40219.1
Project("{FAE04EC0-301F-11D3-BF4B-00C04F79EFBC}") = "Ejercicio1", "Ejercicio1\Ejercicio1.csproj", "{CC2E3ABF-AAFD-4B1B-BDFB-5905429F6318}"
EndProject
Project("{FAE04EC0-301F-11D3-BF4B-00C04F79EFBC}") = "Ejercicio2", "Ejercicio2\Ejercicio2.csproj", "{2456D626-FD93-4C76-99FE-7987E5688FC4}"
EndProject
Project("{FAE04EC0-301F-11D3-BF4B-00C04F79EFBC}") = "Ejercicio3", "Ejercicio3\Ejercicio3.csproj", "{74D9BE77-47F6-46E4-BAEC-CB02077EE569}"
EndProject
Project("{FAE04EC0-301F-11D3-BF4B-00C04F79EFBC}") = "Ejercicio4", "Ejercicio4\Ejercicio4.csproj", "{D98E07E4-1C63-43D6-94ED-3FADE4E47536}"
EndProject
Project("{FAE04EC0-301F-11D3-BF4B-00C04F79EFBC}") = "Ejercicio5", "Ejercicio5\Ejercicio5.csproj", "{553B76AD-2354-4831-B973-8E1D44EAE8C6}"
EndProject
Project("{FAE04EC0-301F-11D3-BF4B-00C04F79EFBC}") = "Ejercicio6", "Ejercicio6\Ejercicio6.csproj", "{82AEC7D5-89E7-4AAD-ABCE-9B6DA231C04D}"
EndProject
Project("{FAE04EC0-301F-11D3-BF4B-00C04F79EFBC}") = "Ejercicio7", "Ejercicio7\Ejercicio7.csproj", "{82A23EB6-FF9D-4227-8A76-104F01EA95AB}"
EndProject
Project("{FAE04EC0-301F-11D3-BF4B-00C04F79EFBC}") = "Ejercicio8", "Ejercicio8\Ejercicio8.csproj", "{9AD73BB0-3F04-477D-B369-531AA2BD256F}"
EndProject
Project("{FAE04EC0-301F-11D3-BF4B-00C04F79EFBC}") = "Ejercicio9", "Ejercicio9\Ejercicio9.csproj", "{AC682864-7E2C-4A04-865C-7F6376785C06}"
EndProject
Project("{FAE04EC0-301F-11D3-BF4B-00C04F79EFBC}") = "Ejercicio10", "Ejercicio10\Ejercicio10.csproj", "{629886BE-9242-448F-948E-07DBADE60C9B}"
EndProject
Project("{FAE04EC0-301F-11D3-BF4B-00C04F79EFBC}") = "Ejercicio11", "Ejercicio11\Ejercicio11.csproj", "{31A0052C-42FF-4B0C-8B69-7C6E2FDE155A}"
EndProject
Project("{FAE04EC0-301F-11D3-BF4B-00C04F79EFBC}") = "Ejercicio12", "Ejercicio12\Ejercicio12.csproj", "{8D7B28A0-CCA9-44FB-AD61-F1130EA9B4C7}"
EndProject
Project("{FAE04EC0-301F-11D3-BF4B-00C04F79EFBC}") = "Ejercicio13", "Ejercicio13\Ejercicio13.csproj", "{7EB51570-19FA-4893-9CC0-ED56D6A03E48}"
EndProject
Project("{FAE04EC0-301F-11D3-BF4B-00C04F79EFBC}") = "Ejercicio14", "Ejercicio14\Ejercicio14.csproj", "{EFC70D0C-1B1C-48CF-AF43-7754C1D39BB1}"
EndProject
Project("{FAE04EC0-301F-11D3-BF4B-00C04F79EFBC}") = "Ejercicio15", "Ejercicio15\Ejercicio15.csproj", "{74AA20A1-A55A-4A43-A084-605F34FD3523}"
EndProject
Project("{FAE04EC0-301F-11D3-BF4B-00C04F79EFBC}") = "Ejercicio16", "Ejercicio16\Ejercicio16.csproj", "{7B7CB98E-23A2-44A0-82B2-1BC670756D06}"
EndProject
Project("{FAE04EC0-301F-11D3-BF4B-00C04F79EFBC}") = "Ejercicio17", "Ejercicio17\Ejercicio17.csproj", "{B4DBB3B1-08FC-4437-859A-AE0B302F8CF4}"
EndProject
Project("{FAE04EC0-301F-11D3-BF4B-00C04F79EFBC}") = "Ejercicio18", "Ejercicio18\Ejercicio18.csproj", "{2C39DEAA-F5DD-48EE-935F-3E3E65DA1551}"
EndProject
Project("{FAE04EC0-301F-11D3-BF4B-00C04F79EFBC}") = "Ejercicio20", "Ejercicio20\Ejercicio20.csproj", "{8F5F2837-8ECA-490D-B7FB-AA4477F5F9EB}"
EndProject
Project("{FAE04EC0-301F-11D3-BF4B-00C04F79EFBC}") = "Ejercicio19", "Ejercicio19\Ejercicio19.csproj", "{EB9B533B-6B1A-4AAB-8AEE-6B1DA955D92A}"
EndProject
Project("{FAE04EC0-301F-11D3-BF4B-00C04F79EFBC}") = "Ejercicio21", "Ejercicio21\Ejercicio21.csproj", "{18718D3E-3C7A-4759-B169-1FD4B6686BA2}"
EndProject
Project("{FAE04EC0-301F-11D3-BF4B-00C04F79EFBC}") = "Ejercicio22", "Ejercicio22\Ejercicio22.csproj", "{FF968BCD-6962-42F7-A3AB-48BC8CD69062}"
EndProject
Project("{FAE04EC0-301F-11D3-BF4B-00C04F79EFBC}") = "Ejercicio23", "Ejercicio23\Ejercicio23.csproj", "{34D964E3-7C52-4D15-AB14-6CA1FF8097A8}"
EndProject
Project("{FAE04EC0-301F-11D3-BF4B-00C04F79EFBC}") = "Ejercicio24", "Ejercicio24\Ejercicio24.csproj", "{A5FA34D8-613C-4415-A12E-099EA55EF490}"
EndProject
Project("{FAE04EC0-301F-11D3-BF4B-00C04F79EFBC}") = "Ejercicio25", "Ejercicio25\Ejercicio25.csproj", "{D1BF7609-7975-4E1A-B3C7-B8F55DD4B9DB}"
EndProject
Project("{FAE04EC0-301F-11D3-BF4B-00C04F79EFBC}") = "Ejercicio26", "Ejercicio26\Ejercicio26.csproj", "{AA94D6BE-5773-496F-83B7-1CC0AC64B74E}"
EndProject
Project("{FAE04EC0-301F-11D3-BF4B-00C04F79EFBC}") = "Ejercicio27", "Ejercicio27\Ejercicio27.csproj", "{3B8BBD5D-38B3-4ABA-B9B1-0371ACF706EA}"
EndProject
Project("{FAE04EC0-301F-11D3-BF4B-00C04F79EFBC}") = "Ejercicio28", "Ejercicio28\Ejercicio28.csproj", "{B5EA183D-7A07-4BD3-A2AF-3EAB2C9B71F1}"
EndProject
Project("{FAE04EC0-301F-11D3-BF4B-00C04F79EFBC}") = "Ejercicio29", "Ejercicio29\Ejercicio29.csproj", "{FB64D050-6D2F-4846-83E0-1C11D029CFE6}"
EndProject
Project("{FAE04EC0-301F-11D3-BF4B-00C04F79EFBC}") = "Ejercicio30", "Ejercicio30\Ejercicio30.csproj", "{28816224-73E7-4141-B0C2-984C56CEBF61}"
EndProject
Global
	GlobalSection(SolutionConfigurationPlatforms) = preSolution
		Debug|Any CPU = Debug|Any CPU
		Release|Any CPU = Release|Any CPU
	EndGlobalSection
	GlobalSection(ProjectConfigurationPlatforms) = postSolution
		{CC2E3ABF-AAFD-4B1B-BDFB-5905429F6318}.Debug|Any CPU.ActiveCfg = Debug|Any CPU
		{CC2E3ABF-AAFD-4B1B-BDFB-5905429F6318}.Debug|Any CPU.Build.0 = Debug|Any CPU
		{CC2E3ABF-AAFD-4B1B-BDFB-5905429F6318}.Release|Any CPU.ActiveCfg = Release|Any CPU
		{CC2E3ABF-AAFD-4B1B-BDFB-5905429F6318}.Release|Any CPU.Build.0 = Release|Any CPU
		{2456D626-FD93-4C76-99FE-7987E5688FC4}.Debug|Any CPU.ActiveCfg = Debug|Any CPU
		{2456D626-FD93-4C76-99FE-7987E5688FC4}.Debug|Any CPU.Build.0 = Debug|Any CPU
		{2456D626-FD93-4C76-99FE-7987E5688FC4}.Release|Any CPU.ActiveCfg = Release|Any CPU
		{2456D626-FD93-4C76-99FE-7987E5688FC4}.Release|Any CPU.Build.0 = Release|Any CPU
		{74D9BE77-47F6-46E4-BAEC-CB02077EE569}.Debug|Any CPU.ActiveCfg = Debug|Any CPU
		{74D9BE77-47F6-46E4-BAEC-CB02077EE569}.Debug|Any CPU.Build.0 = Debug|Any CPU
		{74D9BE77-47F6-46E4-BAEC-CB02077EE569}.Release|Any CPU.ActiveCfg = Release|Any CPU
		{74D9BE77-47F6-46E4-BAEC-CB02077EE569}.Release|Any CPU.Build.0 = Release|Any CPU
		{D98E07E4-1C63-43D6-94ED-3FADE4E47536}.Debug|Any CPU.ActiveCfg = Debug|Any CPU
		{D98E07E4-1C63-43D6-94ED-3FADE4E47536}.Debug|Any CPU.Build.0 = Debug|Any CPU
		{D98E07E4-1C63-43D6-94ED-3FADE4E47536}.Release|Any CPU.ActiveCfg = Release|Any CPU
		{D98E07E4-1C63-43D6-94ED-3FADE4E47536}.Release|Any CPU.Build.0 = Release|Any CPU
		{553B76AD-2354-4831-B973-8E1D44EAE8C6}.Debug|Any CPU.ActiveCfg = Debug|Any CPU
		{553B76AD-2354-4831-B973-8E1D44EAE8C6}.Debug|Any CPU.Build.0 = Debug|Any CPU
		{553B76AD-2354-4831-B973-8E1D44EAE8C6}.Release|Any CPU.ActiveCfg = Release|Any CPU
		{553B76AD-2354-4831-B973-8E1D44EAE8C6}.Release|Any CPU.Build.0 = Release|Any CPU
		{82AEC7D5-89E7-4AAD-ABCE-9B6DA231C04D}.Debug|Any CPU.ActiveCfg = Debug|Any CPU
		{82AEC7D5-89E7-4AAD-ABCE-9B6DA231C04D}.Debug|Any CPU.Build.0 = Debug|Any CPU
		{82AEC7D5-89E7-4AAD-ABCE-9B6DA231C04D}.Release|Any CPU.ActiveCfg = Release|Any CPU
		{82AEC7D5-89E7-4AAD-ABCE-9B6DA231C04D}.Release|Any CPU.Build.0 = Release|Any CPU
		{82A23EB6-FF9D-4227-8A76-104F01EA95AB}.Debug|Any CPU.ActiveCfg = Debug|Any CPU
		{82A23EB6-FF9D-4227-8A76-104F01EA95AB}.Debug|Any CPU.Build.0 = Debug|Any CPU
		{82A23EB6-FF9D-4227-8A76-104F01EA95AB}.Release|Any CPU.ActiveCfg = Release|Any CPU
		{82A23EB6-FF9D-4227-8A76-104F01EA95AB}.Release|Any CPU.Build.0 = Release|Any CPU
		{9AD73BB0-3F04-477D-B369-531AA2BD256F}.Debug|Any CPU.ActiveCfg = Debug|Any CPU
		{9AD73BB0-3F04-477D-B369-531AA2BD256F}.Debug|Any CPU.Build.0 = Debug|Any CPU
		{9AD73BB0-3F04-477D-B369-531AA2BD256F}.Release|Any CPU.ActiveCfg = Release|Any CPU
		{9AD73BB0-3F04-477D-B369-531AA2BD256F}.Release|Any CPU.Build.0 = Release|Any CPU
		{AC682864-7E2C-4A04-865C-7F6376785C06}.Debug|Any CPU.ActiveCfg = Debug|Any CPU
		{AC682864-7E2C-4A04-865C-7F6376785C06}.Debug|Any CPU.Build.0 = Debug|Any CPU
		{AC682864-7E2C-4A04-865C-7F6376785C06}.Release|Any CPU.ActiveCfg = Release|Any CPU
		{AC682864-7E2C-4A04-865C-7F6376785C06}.Release|Any CPU.Build.0 = Release|Any CPU
		{629886BE-9242-448F-948E-07DBADE60C9B}.Debug|Any CPU.ActiveCfg = Debug|Any CPU
		{629886BE-9242-448F-948E-07DBADE60C9B}.Debug|Any CPU.Build.0 = Debug|Any CPU
		{629886BE-9242-448F-948E-07DBADE60C9B}.Release|Any CPU.ActiveCfg = Release|Any CPU
		{629886BE-9242-448F-948E-07DBADE60C9B}.Release|Any CPU.Build.0 = Release|Any CPU
		{31A0052C-42FF-4B0C-8B69-7C6E2FDE155A}.Debug|Any CPU.ActiveCfg = Debug|Any CPU
		{31A0052C-42FF-4B0C-8B69-7C6E2FDE155A}.Debug|Any CPU.Build.0 = Debug|Any CPU
		{31A0052C-42FF-4B0C-8B69-7C6E2FDE155A}.Release|Any CPU.ActiveCfg = Release|Any CPU
		{31A0052C-42FF-4B0C-8B69-7C6E2FDE155A}.Release|Any CPU.Build.0 = Release|Any CPU
		{8D7B28A0-CCA9-44FB-AD61-F1130EA9B4C7}.Debug|Any CPU.ActiveCfg = Debug|Any CPU
		{8D7B28A0-CCA9-44FB-AD61-F1130EA9B4C7}.Debug|Any CPU.Build.0 = Debug|Any CPU
		{8D7B28A0-CCA9-44FB-AD61-F1130EA9B4C7}.Release|Any CPU.ActiveCfg = Release|Any CPU
		{8D7B28A0-CCA9-44FB-AD61-F1130EA9B4C7}.Release|Any CPU.Build.0 = Release|Any CPU
		{7EB51570-19FA-4893-9CC0-ED56D6A03E48}.Debug|Any CPU.ActiveCfg = Debug|Any CPU
		{7EB51570-19FA-4893-9CC0-ED56D6A03E48}.Debug|Any CPU.Build.0 = Debug|Any CPU
		{7EB51570-19FA-4893-9CC0-ED56D6A03E48}.Release|Any CPU.ActiveCfg = Release|Any CPU
		{7EB51570-19FA-4893-9CC0-ED56D6A03E48}.Release|Any CPU.Build.0 = Release|Any CPU
		{EFC70D0C-1B1C-48CF-AF43-7754C1D39BB1}.Debug|Any CPU.ActiveCfg = Debug|Any CPU
		{EFC70D0C-1B1C-48CF-AF43-7754C1D39BB1}.Debug|Any CPU.Build.0 = Debug|Any CPU
		{EFC70D0C-1B1C-48CF-AF43-7754C1D39BB1}.Release|Any CPU.ActiveCfg = Release|Any CPU
		{EFC70D0C-1B1C-48CF-AF43-7754C1D39BB1}.Release|Any CPU.Build.0 = Release|Any CPU
		{74AA20A1-A55A-4A43-A084-605F34FD3523}.Debug|Any CPU.ActiveCfg = Debug|Any CPU
		{74AA20A1-A55A-4A43-A084-605F34FD3523}.Debug|Any CPU.Build.0 = Debug|Any CPU
		{74AA20A1-A55A-4A43-A084-605F34FD3523}.Release|Any CPU.ActiveCfg = Release|Any CPU
		{74AA20A1-A55A-4A43-A084-605F34FD3523}.Release|Any CPU.Build.0 = Release|Any CPU
		{7B7CB98E-23A2-44A0-82B2-1BC670756D06}.Debug|Any CPU.ActiveCfg = Debug|Any CPU
		{7B7CB98E-23A2-44A0-82B2-1BC670756D06}.Debug|Any CPU.Build.0 = Debug|Any CPU
		{7B7CB98E-23A2-44A0-82B2-1BC670756D06}.Release|Any CPU.ActiveCfg = Release|Any CPU
		{7B7CB98E-23A2-44A0-82B2-1BC670756D06}.Release|Any CPU.Build.0 = Release|Any CPU
		{B4DBB3B1-08FC-4437-859A-AE0B302F8CF4}.Debug|Any CPU.ActiveCfg = Debug|Any CPU
		{B4DBB3B1-08FC-4437-859A-AE0B302F8CF4}.Debug|Any CPU.Build.0 = Debug|Any CPU
		{B4DBB3B1-08FC-4437-859A-AE0B302F8CF4}.Release|Any CPU.ActiveCfg = Release|Any CPU
		{B4DBB3B1-08FC-4437-859A-AE0B302F8CF4}.Release|Any CPU.Build.0 = Release|Any CPU
		{2C39DEAA-F5DD-48EE-935F-3E3E65DA1551}.Debug|Any CPU.ActiveCfg = Debug|Any CPU
		{2C39DEAA-F5DD-48EE-935F-3E3E65DA1551}.Debug|Any CPU.Build.0 = Debug|Any CPU
		{2C39DEAA-F5DD-48EE-935F-3E3E65DA1551}.Release|Any CPU.ActiveCfg = Release|Any CPU
		{2C39DEAA-F5DD-48EE-935F-3E3E65DA1551}.Release|Any CPU.Build.0 = Release|Any CPU
		{8F5F2837-8ECA-490D-B7FB-AA4477F5F9EB}.Debug|Any CPU.ActiveCfg = Debug|Any CPU
		{8F5F2837-8ECA-490D-B7FB-AA4477F5F9EB}.Debug|Any CPU.Build.0 = Debug|Any CPU
		{8F5F2837-8ECA-490D-B7FB-AA4477F5F9EB}.Release|Any CPU.ActiveCfg = Release|Any CPU
		{8F5F2837-8ECA-490D-B7FB-AA4477F5F9EB}.Release|Any CPU.Build.0 = Release|Any CPU
		{EB9B533B-6B1A-4AAB-8AEE-6B1DA955D92A}.Debug|Any CPU.ActiveCfg = Debug|Any CPU
		{EB9B533B-6B1A-4AAB-8AEE-6B1DA955D92A}.Debug|Any CPU.Build.0 = Debug|Any CPU
		{EB9B533B-6B1A-4AAB-8AEE-6B1DA955D92A}.Release|Any CPU.ActiveCfg = Release|Any CPU
		{EB9B533B-6B1A-4AAB-8AEE-6B1DA955D92A}.Release|Any CPU.Build.0 = Release|Any CPU
		{18718D3E-3C7A-4759-B169-1FD4B6686BA2}.Debug|Any CPU.ActiveCfg = Debug|Any CPU
		{18718D3E-3C7A-4759-B169-1FD4B6686BA2}.Debug|Any CPU.Build.0 = Debug|Any CPU
		{18718D3E-3C7A-4759-B169-1FD4B6686BA2}.Release|Any CPU.ActiveCfg = Release|Any CPU
		{18718D3E-3C7A-4759-B169-1FD4B6686BA2}.Release|Any CPU.Build.0 = Release|Any CPU
		{FF968BCD-6962-42F7-A3AB-48BC8CD69062}.Debug|Any CPU.ActiveCfg = Debug|Any CPU
		{FF968BCD-6962-42F7-A3AB-48BC8CD69062}.Debug|Any CPU.Build.0 = Debug|Any CPU
		{FF968BCD-6962-42F7-A3AB-48BC8CD69062}.Release|Any CPU.ActiveCfg = Release|Any CPU
		{FF968BCD-6962-42F7-A3AB-48BC8CD69062}.Release|Any CPU.Build.0 = Release|Any CPU
		{34D964E3-7C52-4D15-AB14-6CA1FF8097A8}.Debug|Any CPU.ActiveCfg = Debug|Any CPU
		{34D964E3-7C52-4D15-AB14-6CA1FF8097A8}.Debug|Any CPU.Build.0 = Debug|Any CPU
		{34D964E3-7C52-4D15-AB14-6CA1FF8097A8}.Release|Any CPU.ActiveCfg = Release|Any CPU
		{34D964E3-7C52-4D15-AB14-6CA1FF8097A8}.Release|Any CPU.Build.0 = Release|Any CPU
		{A5FA34D8-613C-4415-A12E-099EA55EF490}.Debug|Any CPU.ActiveCfg = Debug|Any CPU
		{A5FA34D8-613C-4415-A12E-099EA55EF490}.Debug|Any CPU.Build.0 = Debug|Any CPU
		{A5FA34D8-613C-4415-A12E-099EA55EF490}.Release|Any CPU.ActiveCfg = Release|Any CPU
		{A5FA34D8-613C-4415-A12E-099EA55EF490}.Release|Any CPU.Build.0 = Release|Any CPU
		{D1BF7609-7975-4E1A-B3C7-B8F55DD4B9DB}.Debug|Any CPU.ActiveCfg = Debug|Any CPU
		{D1BF7609-7975-4E1A-B3C7-B8F55DD4B9DB}.Debug|Any CPU.Build.0 = Debug|Any CPU
		{D1BF7609-7975-4E1A-B3C7-B8F55DD4B9DB}.Release|Any CPU.ActiveCfg = Release|Any CPU
		{D1BF7609-7975-4E1A-B3C7-B8F55DD4B9DB}.Release|Any CPU.Build.0 = Release|Any CPU
		{AA94D6BE-5773-496F-83B7-1CC0AC64B74E}.Debug|Any CPU.ActiveCfg = Debug|Any CPU
		{AA94D6BE-5773-496F-83B7-1CC0AC64B74E}.Debug|Any CPU.Build.0 = Debug|Any CPU
		{AA94D6BE-5773-496F-83B7-1CC0AC64B74E}.Release|Any CPU.ActiveCfg = Release|Any CPU
		{AA94D6BE-5773-496F-83B7-1CC0AC64B74E}.Release|Any CPU.Build.0 = Release|Any CPU
		{3B8BBD5D-38B3-4ABA-B9B1-0371ACF706EA}.Debug|Any CPU.ActiveCfg = Debug|Any CPU
		{3B8BBD5D-38B3-4ABA-B9B1-0371ACF706EA}.Debug|Any CPU.Build.0 = Debug|Any CPU
		{3B8BBD5D-38B3-4ABA-B9B1-0371ACF706EA}.Release|Any CPU.ActiveCfg = Release|Any CPU
		{3B8BBD5D-38B3-4ABA-B9B1-0371ACF706EA}.Release|Any CPU.Build.0 = Release|Any CPU
		{B5EA183D-7A07-4BD3-A2AF-3EAB2C9B71F1}.Debug|Any CPU.ActiveCfg = Debug|Any CPU
		{B5EA183D-7A07-4BD3-A2AF-3EAB2C9B71F1}.Debug|Any CPU.Build.0 = Debug|Any CPU
		{B5EA183D-7A07-4BD3-A2AF-3EAB2C9B71F1}.Release|Any CPU.ActiveCfg = Release|Any CPU
		{B5EA183D-7A07-4BD3-A2AF-3EAB2C9B71F1}.Release|Any CPU.Build.0 = Release|Any CPU
		{FB64D050-6D2F-4846-83E0-1C11D029CFE6}.Debug|Any CPU.ActiveCfg = Debug|Any CPU
		{FB64D050-6D2F-4846-83E0-1C11D029CFE6}.Debug|Any CPU.Build.0 = Debug|Any CPU
		{FB64D050-6D2F-4846-83E0-1C11D029CFE6}.Release|Any CPU.ActiveCfg = Release|Any CPU
		{FB64D050-6D2F-4846-83E0-1C11D029CFE6}.Release|Any CPU.Build.0 = Release|Any CPU
		{28816224-73E7-4141-B0C2-984C56CEBF61}.Debug|Any CPU.ActiveCfg = Debug|Any CPU
		{28816224-73E7-4141-B0C2-984C56CEBF61}.Debug|Any CPU.Build.0 = Debug|Any CPU
		{28816224-73E7-4141-B0C2-984C56CEBF61}.Release|Any CPU.ActiveCfg = Release|Any CPU
		{28816224-73E7-4141-B0C2-984C56CEBF61}.Release|Any CPU.Build.0 = Release|Any CPU
	EndGlobalSection
	GlobalSection(SolutionProperties) = preSolution
		HideSolutionNode = FALSE
	EndGlobalSection
EndGlobal
